<?xml version="1.0" encoding="utf-8"?>
<Project ToolsVersion="4.0" xmlns="http://schemas.microsoft.com/developer/msbuild/2003">
  <ItemGroup>
    <Filter Include="소스 파일">
      <UniqueIdentifier>{4FC737F1-C7A5-4376-A066-2A32D752A2FF}</UniqueIdentifier>
      <Extensions>cpp;c;cc;cxx;def;odl;idl;hpj;bat;asm;asmx</Extensions>
    </Filter>
    <Filter Include="헤더 파일">
      <UniqueIdentifier>{93995380-89BD-4b04-88EB-625FBE52EBFB}</UniqueIdentifier>
      <Extensions>h;hh;hpp;hxx;hm;inl;inc;xsd</Extensions>
    </Filter>
    <Filter Include="리소스 파일">
      <UniqueIdentifier>{67DA6AB6-F800-4c08-8B7A-83BB121AAD01}</UniqueIdentifier>
      <Extensions>rc;ico;cur;bmp;dlg;rc2;rct;bin;rgs;gif;jpg;jpeg;jpe;resx;tiff;tif;png;wav;mfcribbon-ms</Extensions>
    </Filter>
    <Filter Include="소스 파일\Shaders">
      <UniqueIdentifier>{aa86e47f-445f-4440-9a76-173363b46c4e}</UniqueIdentifier>
    </Filter>
    <Filter Include="헤더 파일\My">
      <UniqueIdentifier>{a2991662-2397-471a-be95-078743005713}</UniqueIdentifier>
    </Filter>
    <Filter Include="소스 파일\My">
      <UniqueIdentifier>{dd266f73-b862-4483-b03b-440cef70594d}</UniqueIdentifier>
    </Filter>
    <Filter Include="헤더 파일\My\Object">
      <UniqueIdentifier>{557470d6-2d9a-4c87-8073-d2e6eac691bb}</UniqueIdentifier>
    </Filter>
    <Filter Include="소스 파일\My\Object">
      <UniqueIdentifier>{c4c9b99b-13ff-45f6-a2c7-b3edb179f281}</UniqueIdentifier>
    </Filter>
    <Filter Include="소스 파일\My\SceneMgr">
      <UniqueIdentifier>{6891666c-d32e-4081-bc5d-e239bef4a6aa}</UniqueIdentifier>
    </Filter>
    <Filter Include="헤더 파일\My\SceneMgr">
      <UniqueIdentifier>{f82b2e7c-2931-416c-8b07-3be0d92d5310}</UniqueIdentifier>
    </Filter>
    <Filter Include="헤더 파일\My\Define">
      <UniqueIdentifier>{652818a6-669f-419d-9ecb-69e7cce22eab}</UniqueIdentifier>
    </Filter>
    <Filter Include="소스 파일\Load">
      <UniqueIdentifier>{462b87d2-e893-46d5-987b-edc4229f76b0}</UniqueIdentifier>
    </Filter>
  </ItemGroup>
  <ItemGroup>
    <Text Include="ReadMe.txt" />
  </ItemGroup>
  <ItemGroup>
    <ClInclude Include="stdafx.h">
      <Filter>헤더 파일</Filter>
    </ClInclude>
    <ClInclude Include="targetver.h">
      <Filter>헤더 파일</Filter>
    </ClInclude>
    <ClInclude Include="Renderer.h">
      <Filter>헤더 파일</Filter>
    </ClInclude>
    <ClInclude Include="MyVector.h">
      <Filter>헤더 파일\My</Filter>
    </ClInclude>
    <ClInclude Include="BaseObject.h">
      <Filter>헤더 파일\My</Filter>
    </ClInclude>
    <ClInclude Include="SceneMgr.h">
      <Filter>헤더 파일\My\SceneMgr</Filter>
    </ClInclude>
    <ClInclude Include="MyDefine.h">
      <Filter>헤더 파일\My\Define</Filter>
    </ClInclude>
    <ClInclude Include="Character.h">
      <Filter>헤더 파일\My\Object</Filter>
    </ClInclude>
    <ClInclude Include="Building.h">
      <Filter>헤더 파일\My\Object</Filter>
    </ClInclude>
    <ClInclude Include="Bullet.h">
      <Filter>헤더 파일\My\Object</Filter>
    </ClInclude>
    <ClInclude Include="Arrow.h">
      <Filter>헤더 파일\My\Object</Filter>
    </ClInclude>
    <ClInclude Include="LoadPng.h">
      <Filter>소스 파일\Load</Filter>
    </ClInclude>
  </ItemGroup>
  <ItemGroup>
    <ClCompile Include="stdafx.cpp">
      <Filter>소스 파일</Filter>
    </ClCompile>
    <ClCompile Include="SimpleGame.cpp">
      <Filter>소스 파일</Filter>
    </ClCompile>
    <ClCompile Include="Renderer.cpp">
      <Filter>소스 파일</Filter>
    </ClCompile>
    <ClCompile Include="SceneMgr.cpp">
      <Filter>소스 파일\My\SceneMgr</Filter>
    </ClCompile>
    <ClCompile Include="Character.cpp">
      <Filter>소스 파일\My\Object</Filter>
    </ClCompile>
    <ClCompile Include="Building.cpp">
      <Filter>소스 파일\My\Object</Filter>
    </ClCompile>
    <ClCompile Include="Bullet.cpp">
      <Filter>소스 파일\My\Object</Filter>
    </ClCompile>
    <ClCompile Include="Arrow.cpp">
      <Filter>소스 파일\My\Object</Filter>
    </ClCompile>
    <ClCompile Include="LoadPng.cpp">
      <Filter>소스 파일\Load</Filter>
    </ClCompile>
  </ItemGroup>
  <ItemGroup>
    <None Include="Shaders\SolidRect.fs">
      <Filter>소스 파일\Shaders</Filter>
    </None>
    <None Include="Shaders\SolidRect.vs">
      <Filter>소스 파일\Shaders</Filter>
    </None>
    <None Include="Shaders\SolidRectWithTexture.fs">
      <Filter>소스 파일\Shaders</Filter>
    </None>
    <None Include="Shaders\SolidRectWithTexture.vs">
      <Filter>소스 파일\Shaders</Filter>
    </None>
    <None Include="Shaders\SolidRectWithTextureSeq.fs">
      <Filter>소스 파일\Shaders</Filter>
    </None>
    <None Include="Shaders\SolidRectWithTextureSeq.vs">
      <Filter>소스 파일\Shaders</Filter>
    </None>
  </ItemGroup>
</Project>